
Microsoft Visual Studio Solution File, Format Version 12.00
# Visual Studio 14
VisualStudioVersion = 14.0.24720.0
MinimumVisualStudioVersion = 10.0.40219.1
Project("{8BC9CEB8-8B4A-11D0-8D11-00A0C91BC942}") = "2", "2\2.vcxproj", "{40F71134-5427-4222-80AA-22A786875F40}"
EndProject
Project("{8BC9CEB8-8B4A-11D0-8D11-00A0C91BC942}") = "3", "3\3.vcxproj", "{4EE15B1F-D578-4000-88FA-D2EA0C7AF8E5}"
EndProject
Project("{8BC9CEB8-8B4A-11D0-8D11-00A0C91BC942}") = "4", "4\4.vcxproj", "{E723DC6E-3AD4-49D6-A8A1-1B81B94E136E}"
EndProject
Project("{8BC9CEB8-8B4A-11D0-8D11-00A0C91BC942}") = "5", "5\5.vcxproj", "{ADAB702A-8F81-4C12-9065-63222E7303C9}"
EndProject
Project("{8BC9CEB8-8B4A-11D0-8D11-00A0C91BC942}") = "6", "6\6.vcxproj", "{AAB36A7B-579C-4E98-99E6-C28D0327A2B9}"
EndProject
Project("{8BC9CEB8-8B4A-11D0-8D11-00A0C91BC942}") = "1", "1\test1.vcxproj", "{33D63B87-19E4-4ACC-9278-4C68B19F80F6}"
EndProject
Project("{8BC9CEB8-8B4A-11D0-8D11-00A0C91BC942}") = "7", "7\7.vcxproj", "{348242B7-22A7-4639-9779-47AE37DA608B}"
EndProject
Project("{8BC9CEB8-8B4A-11D0-8D11-00A0C91BC942}") = "8", "8\8.vcxproj", "{1BCA813A-BCAC-4F98-8A4E-2667BEAEAE5C}"
EndProject
Project("{8BC9CEB8-8B4A-11D0-8D11-00A0C91BC942}") = "9", "9\9.vcxproj", "{D1E3BE6F-6324-46E8-9EF4-CDEED4F4A37E}"
EndProject
Global
	GlobalSection(SolutionConfigurationPlatforms) = preSolution
		Debug|x64 = Debug|x64
		Debug|x86 = Debug|x86
		Release|x64 = Release|x64
		Release|x86 = Release|x86
	EndGlobalSection
	GlobalSection(ProjectConfigurationPlatforms) = postSolution
		{40F71134-5427-4222-80AA-22A786875F40}.Debug|x64.ActiveCfg = Debug|Win32
		{40F71134-5427-4222-80AA-22A786875F40}.Debug|x86.ActiveCfg = Debug|Win32
		{40F71134-5427-4222-80AA-22A786875F40}.Debug|x86.Build.0 = Debug|Win32
		{40F71134-5427-4222-80AA-22A786875F40}.Release|x64.ActiveCfg = Release|Win32
		{40F71134-5427-4222-80AA-22A786875F40}.Release|x86.ActiveCfg = Release|Win32
		{40F71134-5427-4222-80AA-22A786875F40}.Release|x86.Build.0 = Release|Win32
		{4EE15B1F-D578-4000-88FA-D2EA0C7AF8E5}.Debug|x64.ActiveCfg = Debug|Win32
		{4EE15B1F-D578-4000-88FA-D2EA0C7AF8E5}.Debug|x86.ActiveCfg = Debug|Win32
		{4EE15B1F-D578-4000-88FA-D2EA0C7AF8E5}.Debug|x86.Build.0 = Debug|Win32
		{4EE15B1F-D578-4000-88FA-D2EA0C7AF8E5}.Release|x64.ActiveCfg = Release|Win32
		{4EE15B1F-D578-4000-88FA-D2EA0C7AF8E5}.Release|x86.ActiveCfg = Release|Win32
		{4EE15B1F-D578-4000-88FA-D2EA0C7AF8E5}.Release|x86.Build.0 = Release|Win32
		{E723DC6E-3AD4-49D6-A8A1-1B81B94E136E}.Debug|x64.ActiveCfg = Debug|Win32
		{E723DC6E-3AD4-49D6-A8A1-1B81B94E136E}.Debug|x86.ActiveCfg = Debug|Win32
		{E723DC6E-3AD4-49D6-A8A1-1B81B94E136E}.Debug|x86.Build.0 = Debug|Win32
		{E723DC6E-3AD4-49D6-A8A1-1B81B94E136E}.Release|x64.ActiveCfg = Release|Win32
		{E723DC6E-3AD4-49D6-A8A1-1B81B94E136E}.Release|x86.ActiveCfg = Release|Win32
		{E723DC6E-3AD4-49D6-A8A1-1B81B94E136E}.Release|x86.Build.0 = Release|Win32
		{ADAB702A-8F81-4C12-9065-63222E7303C9}.Debug|x64.ActiveCfg = Debug|Win32
		{ADAB702A-8F81-4C12-9065-63222E7303C9}.Debug|x86.ActiveCfg = Debug|Win32
		{ADAB702A-8F81-4C12-9065-63222E7303C9}.Debug|x86.Build.0 = Debug|Win32
		{ADAB702A-8F81-4C12-9065-63222E7303C9}.Release|x64.ActiveCfg = Release|Win32
		{ADAB702A-8F81-4C12-9065-63222E7303C9}.Release|x86.ActiveCfg = Release|Win32
		{ADAB702A-8F81-4C12-9065-63222E7303C9}.Release|x86.Build.0 = Release|Win32
		{AAB36A7B-579C-4E98-99E6-C28D0327A2B9}.Debug|x64.ActiveCfg = Debug|x64
		{AAB36A7B-579C-4E98-99E6-C28D0327A2B9}.Debug|x64.Build.0 = Debug|x64
		{AAB36A7B-579C-4E98-99E6-C28D0327A2B9}.Debug|x86.ActiveCfg = Debug|Win32
		{AAB36A7B-579C-4E98-99E6-C28D0327A2B9}.Debug|x86.Build.0 = Debug|Win32
		{AAB36A7B-579C-4E98-99E6-C28D0327A2B9}.Release|x64.ActiveCfg = Release|x64
		{AAB36A7B-579C-4E98-99E6-C28D0327A2B9}.Release|x64.Build.0 = Release|x64
		{AAB36A7B-579C-4E98-99E6-C28D0327A2B9}.Release|x86.ActiveCfg = Release|Win32
		{AAB36A7B-579C-4E98-99E6-C28D0327A2B9}.Release|x86.Build.0 = Release|Win32
		{33D63B87-19E4-4ACC-9278-4C68B19F80F6}.Debug|x64.ActiveCfg = Debug|x64
		{33D63B87-19E4-4ACC-9278-4C68B19F80F6}.Debug|x64.Build.0 = Debug|x64
		{33D63B87-19E4-4ACC-9278-4C68B19F80F6}.Debug|x86.ActiveCfg = Debug|Win32
		{33D63B87-19E4-4ACC-9278-4C68B19F80F6}.Debug|x86.Build.0 = Debug|Win32
		{33D63B87-19E4-4ACC-9278-4C68B19F80F6}.Release|x64.ActiveCfg = Release|x64
		{33D63B87-19E4-4ACC-9278-4C68B19F80F6}.Release|x64.Build.0 = Release|x64
		{33D63B87-19E4-4ACC-9278-4C68B19F80F6}.Release|x86.ActiveCfg = Release|Win32
		{33D63B87-19E4-4ACC-9278-4C68B19F80F6}.Release|x86.Build.0 = Release|Win32
		{348242B7-22A7-4639-9779-47AE37DA608B}.Debug|x64.ActiveCfg = Debug|x64
		{348242B7-22A7-4639-9779-47AE37DA608B}.Debug|x64.Build.0 = Debug|x64
		{348242B7-22A7-4639-9779-47AE37DA608B}.Debug|x86.ActiveCfg = Debug|Win32
		{348242B7-22A7-4639-9779-47AE37DA608B}.Debug|x86.Build.0 = Debug|Win32
		{348242B7-22A7-4639-9779-47AE37DA608B}.Release|x64.ActiveCfg = Release|x64
		{348242B7-22A7-4639-9779-47AE37DA608B}.Release|x64.Build.0 = Release|x64
		{348242B7-22A7-4639-9779-47AE37DA608B}.Release|x86.ActiveCfg = Release|Win32
		{348242B7-22A7-4639-9779-47AE37DA608B}.Release|x86.Build.0 = Release|Win32
		{1BCA813A-BCAC-4F98-8A4E-2667BEAEAE5C}.Debug|x64.ActiveCfg = Debug|x64
		{1BCA813A-BCAC-4F98-8A4E-2667BEAEAE5C}.Debug|x64.Build.0 = Debug|x64
		{1BCA813A-BCAC-4F98-8A4E-2667BEAEAE5C}.Debug|x86.ActiveCfg = Debug|Win32
		{1BCA813A-BCAC-4F98-8A4E-2667BEAEAE5C}.Debug|x86.Build.0 = Debug|Win32
		{1BCA813A-BCAC-4F98-8A4E-2667BEAEAE5C}.Release|x64.ActiveCfg = Release|x64
		{1BCA813A-BCAC-4F98-8A4E-2667BEAEAE5C}.Release|x64.Build.0 = Release|x64
		{1BCA813A-BCAC-4F98-8A4E-2667BEAEAE5C}.Release|x86.ActiveCfg = Release|Win32
		{1BCA813A-BCAC-4F98-8A4E-2667BEAEAE5C}.Release|x86.Build.0 = Release|Win32
		{D1E3BE6F-6324-46E8-9EF4-CDEED4F4A37E}.Debug|x64.ActiveCfg = Debug|x64
		{D1E3BE6F-6324-46E8-9EF4-CDEED4F4A37E}.Debug|x64.Build.0 = Debug|x64
		{D1E3BE6F-6324-46E8-9EF4-CDEED4F4A37E}.Debug|x86.ActiveCfg = Debug|Win32
		{D1E3BE6F-6324-46E8-9EF4-CDEED4F4A37E}.Debug|x86.Build.0 = Debug|Win32
		{D1E3BE6F-6324-46E8-9EF4-CDEED4F4A37E}.Release|x64.ActiveCfg = Release|x64
		{D1E3BE6F-6324-46E8-9EF4-CDEED4F4A37E}.Release|x64.Build.0 = Release|x64
		{D1E3BE6F-6324-46E8-9EF4-CDEED4F4A37E}.Release|x86.ActiveCfg = Release|Win32
		{D1E3BE6F-6324-46E8-9EF4-CDEED4F4A37E}.Release|x86.Build.0 = Release|Win32
	EndGlobalSection
	GlobalSection(SolutionProperties) = preSolution
		HideSolutionNode = FALSE
	EndGlobalSection
EndGlobal
